// !$*UTF8*$!
{
	archiveVersion = 1;
	classes = {
	};
	objectVersion = 46;
	objects = {

/* Begin PBXBuildFile section */
		4FB24A2F1CD85285008D1083 /* main.m in Sources */ = {isa = PBXBuildFile; fileRef = 4FB24A2E1CD85285008D1083 /* main.m */; };
		4FB24A321CD85285008D1083 /* FNAppDelegate.m in Sources */ = {isa = PBXBuildFile; fileRef = 4FB24A311CD85285008D1083 /* FNAppDelegate.m */; };
		4FB24A351CD85285008D1083 /* ViewController.m in Sources */ = {isa = PBXBuildFile; fileRef = 4FB24A341CD85285008D1083 /* ViewController.m */; };
		4FB24A381CD85285008D1083 /* Main.storyboard in Resources */ = {isa = PBXBuildFile; fileRef = 4FB24A361CD85285008D1083 /* Main.storyboard */; };
		4FB24A3A1CD85285008D1083 /* Assets.xcassets in Resources */ = {isa = PBXBuildFile; fileRef = 4FB24A391CD85285008D1083 /* Assets.xcassets */; };
		4FB24A3D1CD85285008D1083 /* LaunchScreen.storyboard in Resources */ = {isa = PBXBuildFile; fileRef = 4FB24A3B1CD85285008D1083 /* LaunchScreen.storyboard */; };
		4FB24A481CD85285008D1083 /* StopwatchFormalTests.m in Sources */ = {isa = PBXBuildFile; fileRef = 4FB24A471CD85285008D1083 /* StopwatchFormalTests.m */; };
		4FB24A531CD85285008D1083 /* StopwatchFormalUITests.m in Sources */ = {isa = PBXBuildFile; fileRef = 4FB24A521CD85285008D1083 /* StopwatchFormalUITests.m */; };
		4FB24A7A1CD8538B008D1083 /* libFMDB-IOS.a in Frameworks */ = {isa = PBXBuildFile; fileRef = 4FB24A731CD8536F008D1083 /* libFMDB-IOS.a */; };
		4FB24A7C1CD8539C008D1083 /* libsqlite3.0.tbd in Frameworks */ = {isa = PBXBuildFile; fileRef = 4FB24A7B1CD8539C008D1083 /* libsqlite3.0.tbd */; };
		4FB24A861CD854DA008D1083 /* FNWorldClockViewController.m in Sources */ = {isa = PBXBuildFile; fileRef = 4FB24A851CD854DA008D1083 /* FNWorldClockViewController.m */; };
		4FB24A8C1CD85617008D1083 /* FNAlarmViewController.m in Sources */ = {isa = PBXBuildFile; fileRef = 4FB24A8B1CD85617008D1083 /* FNAlarmViewController.m */; };
		4FB24A921CD8565C008D1083 /* FNStopwatchViewController.m in Sources */ = {isa = PBXBuildFile; fileRef = 4FB24A911CD8565C008D1083 /* FNStopwatchViewController.m */; };
		4FB24A981CD856A2008D1083 /* FNTimerViewController.m in Sources */ = {isa = PBXBuildFile; fileRef = 4FB24A971CD856A2008D1083 /* FNTimerViewController.m */; };
		4FB24AA21CD85805008D1083 /* FNTimeRecordModel.m in Sources */ = {isa = PBXBuildFile; fileRef = 4FB24AA11CD85805008D1083 /* FNTimeRecordModel.m */; };
		4FB55EDC1CD872900083FA88 /* FNStopwatchView.m in Sources */ = {isa = PBXBuildFile; fileRef = 4FB55EDB1CD872900083FA88 /* FNStopwatchView.m */; };
/* End PBXBuildFile section */

/* Begin PBXContainerItemProxy section */
		4FB24A441CD85285008D1083 /* PBXContainerItemProxy */ = {
			isa = PBXContainerItemProxy;
			containerPortal = 4FB24A221CD85285008D1083 /* Project object */;
			proxyType = 1;
			remoteGlobalIDString = 4FB24A291CD85285008D1083;
			remoteInfo = StopwatchFormal;
		};
		4FB24A4F1CD85285008D1083 /* PBXContainerItemProxy */ = {
			isa = PBXContainerItemProxy;
			containerPortal = 4FB24A221CD85285008D1083 /* Project object */;
			proxyType = 1;
			remoteGlobalIDString = 4FB24A291CD85285008D1083;
			remoteInfo = StopwatchFormal;
		};
		4FB24A6C1CD8536F008D1083 /* PBXContainerItemProxy */ = {
			isa = PBXContainerItemProxy;
			containerPortal = 4FB24A631CD8536F008D1083 /* fmdb.xcodeproj */;
			proxyType = 2;
			remoteGlobalIDString = 8DD76FA10486AA7600D96B5E;
			remoteInfo = fmdb;
		};
		4FB24A6E1CD8536F008D1083 /* PBXContainerItemProxy */ = {
			isa = PBXContainerItemProxy;
			containerPortal = 4FB24A631CD8536F008D1083 /* fmdb.xcodeproj */;
			proxyType = 2;
			remoteGlobalIDString = EE4290EF12B42F870088BD94;
			remoteInfo = FMDB;
		};
		4FB24A701CD8536F008D1083 /* PBXContainerItemProxy */ = {
			isa = PBXContainerItemProxy;
			containerPortal = 4FB24A631CD8536F008D1083 /* fmdb.xcodeproj */;
			proxyType = 2;
			remoteGlobalIDString = BF5D041618416BB2008C5AA9;
			remoteInfo = Tests;
		};
		4FB24A721CD8536F008D1083 /* PBXContainerItemProxy */ = {
			isa = PBXContainerItemProxy;
			containerPortal = 4FB24A631CD8536F008D1083 /* fmdb.xcodeproj */;
			proxyType = 2;
			remoteGlobalIDString = 6290CBB5188FE836009790F8;
			remoteInfo = "FMDB-IOS";
		};
		4FB24A741CD8536F008D1083 /* PBXContainerItemProxy */ = {
			isa = PBXContainerItemProxy;
			containerPortal = 4FB24A631CD8536F008D1083 /* fmdb.xcodeproj */;
			proxyType = 2;
			remoteGlobalIDString = 83C73EFE1C326AB000FFC730;
			remoteInfo = "FMDB iOS";
		};
		4FB24A761CD8536F008D1083 /* PBXContainerItemProxy */ = {
			isa = PBXContainerItemProxy;
			containerPortal = 4FB24A631CD8536F008D1083 /* fmdb.xcodeproj */;
			proxyType = 2;
			remoteGlobalIDString = 83C73F0B1C326ADA00FFC730;
			remoteInfo = "FMDB MacOS";
		};
		4FB24A781CD85381008D1083 /* PBXContainerItemProxy */ = {
			isa = PBXContainerItemProxy;
			containerPortal = 4FB24A631CD8536F008D1083 /* fmdb.xcodeproj */;
			proxyType = 1;
			remoteGlobalIDString = 83C73EFD1C326AB000FFC730;
			remoteInfo = "FMDB iOS";
		};
/* End PBXContainerItemProxy section */

/* Begin PBXFileReference section */
		4FB24A2A1CD85285008D1083 /* StopwatchFormal.app */ = {isa = PBXFileReference; explicitFileType = wrapper.application; includeInIndex = 0; path = StopwatchFormal.app; sourceTree = BUILT_PRODUCTS_DIR; };
		4FB24A2E1CD85285008D1083 /* main.m */ = {isa = PBXFileReference; lastKnownFileType = sourcecode.c.objc; path = main.m; sourceTree = "<group>"; };
		4FB24A301CD85285008D1083 /* FNAppDelegate.h */ = {isa = PBXFileReference; lastKnownFileType = sourcecode.c.h; path = FNAppDelegate.h; sourceTree = "<group>"; };
		4FB24A311CD85285008D1083 /* FNAppDelegate.m */ = {isa = PBXFileReference; lastKnownFileType = sourcecode.c.objc; path = FNAppDelegate.m; sourceTree = "<group>"; };
		4FB24A331CD85285008D1083 /* ViewController.h */ = {isa = PBXFileReference; lastKnownFileType = sourcecode.c.h; path = ViewController.h; sourceTree = "<group>"; };
		4FB24A341CD85285008D1083 /* ViewController.m */ = {isa = PBXFileReference; lastKnownFileType = sourcecode.c.objc; path = ViewController.m; sourceTree = "<group>"; };
		4FB24A371CD85285008D1083 /* Base */ = {isa = PBXFileReference; lastKnownFileType = file.storyboard; name = Base; path = Base.lproj/Main.storyboard; sourceTree = "<group>"; };
		4FB24A391CD85285008D1083 /* Assets.xcassets */ = {isa = PBXFileReference; lastKnownFileType = folder.assetcatalog; path = Assets.xcassets; sourceTree = "<group>"; };
		4FB24A3C1CD85285008D1083 /* Base */ = {isa = PBXFileReference; lastKnownFileType = file.storyboard; name = Base; path = Base.lproj/LaunchScreen.storyboard; sourceTree = "<group>"; };
		4FB24A3E1CD85285008D1083 /* Info.plist */ = {isa = PBXFileReference; lastKnownFileType = text.plist.xml; path = Info.plist; sourceTree = "<group>"; };
		4FB24A431CD85285008D1083 /* StopwatchFormalTests.xctest */ = {isa = PBXFileReference; explicitFileType = wrapper.cfbundle; includeInIndex = 0; path = StopwatchFormalTests.xctest; sourceTree = BUILT_PRODUCTS_DIR; };
		4FB24A471CD85285008D1083 /* StopwatchFormalTests.m */ = {isa = PBXFileReference; lastKnownFileType = sourcecode.c.objc; path = StopwatchFormalTests.m; sourceTree = "<group>"; };
		4FB24A491CD85285008D1083 /* Info.plist */ = {isa = PBXFileReference; lastKnownFileType = text.plist.xml; path = Info.plist; sourceTree = "<group>"; };
		4FB24A4E1CD85285008D1083 /* StopwatchFormalUITests.xctest */ = {isa = PBXFileReference; explicitFileType = wrapper.cfbundle; includeInIndex = 0; path = StopwatchFormalUITests.xctest; sourceTree = BUILT_PRODUCTS_DIR; };
		4FB24A521CD85285008D1083 /* StopwatchFormalUITests.m */ = {isa = PBXFileReference; lastKnownFileType = sourcecode.c.objc; path = StopwatchFormalUITests.m; sourceTree = "<group>"; };
		4FB24A541CD85285008D1083 /* Info.plist */ = {isa = PBXFileReference; lastKnownFileType = text.plist.xml; path = Info.plist; sourceTree = "<group>"; };
		4FB24A631CD8536F008D1083 /* fmdb.xcodeproj */ = {isa = PBXFileReference; lastKnownFileType = "wrapper.pb-project"; name = fmdb.xcodeproj; path = "../fmdb-master/fmdb.xcodeproj"; sourceTree = "<group>"; };
		4FB24A7B1CD8539C008D1083 /* libsqlite3.0.tbd */ = {isa = PBXFileReference; lastKnownFileType = "sourcecode.text-based-dylib-definition"; name = libsqlite3.0.tbd; path = usr/lib/libsqlite3.0.tbd; sourceTree = SDKROOT; };
		4FB24A841CD854DA008D1083 /* FNWorldClockViewController.h */ = {isa = PBXFileReference; fileEncoding = 4; lastKnownFileType = sourcecode.c.h; path = FNWorldClockViewController.h; sourceTree = "<group>"; };
		4FB24A851CD854DA008D1083 /* FNWorldClockViewController.m */ = {isa = PBXFileReference; fileEncoding = 4; lastKnownFileType = sourcecode.c.objc; path = FNWorldClockViewController.m; sourceTree = "<group>"; };
		4FB24A8A1CD85617008D1083 /* FNAlarmViewController.h */ = {isa = PBXFileReference; fileEncoding = 4; lastKnownFileType = sourcecode.c.h; path = FNAlarmViewController.h; sourceTree = "<group>"; };
		4FB24A8B1CD85617008D1083 /* FNAlarmViewController.m */ = {isa = PBXFileReference; fileEncoding = 4; lastKnownFileType = sourcecode.c.objc; path = FNAlarmViewController.m; sourceTree = "<group>"; };
		4FB24A901CD8565C008D1083 /* FNStopwatchViewController.h */ = {isa = PBXFileReference; fileEncoding = 4; lastKnownFileType = sourcecode.c.h; path = FNStopwatchViewController.h; sourceTree = "<group>"; };
		4FB24A911CD8565C008D1083 /* FNStopwatchViewController.m */ = {isa = PBXFileReference; fileEncoding = 4; lastKnownFileType = sourcecode.c.objc; path = FNStopwatchViewController.m; sourceTree = "<group>"; };
		4FB24A961CD856A2008D1083 /* FNTimerViewController.h */ = {isa = PBXFileReference; fileEncoding = 4; lastKnownFileType = sourcecode.c.h; path = FNTimerViewController.h; sourceTree = "<group>"; };
		4FB24A971CD856A2008D1083 /* FNTimerViewController.m */ = {isa = PBXFileReference; fileEncoding = 4; lastKnownFileType = sourcecode.c.objc; path = FNTimerViewController.m; sourceTree = "<group>"; };
		4FB24A991CD85752008D1083 /* Macro.h */ = {isa = PBXFileReference; lastKnownFileType = sourcecode.c.h; path = Macro.h; sourceTree = "<group>"; };
		4FB24AA01CD85805008D1083 /* FNTimeRecordModel.h */ = {isa = PBXFileReference; fileEncoding = 4; lastKnownFileType = sourcecode.c.h; path = FNTimeRecordModel.h; sourceTree = "<group>"; };
		4FB24AA11CD85805008D1083 /* FNTimeRecordModel.m */ = {isa = PBXFileReference; fileEncoding = 4; lastKnownFileType = sourcecode.c.objc; path = FNTimeRecordModel.m; sourceTree = "<group>"; };
		4FB55EDA1CD872900083FA88 /* FNStopwatchView.h */ = {isa = PBXFileReference; fileEncoding = 4; lastKnownFileType = sourcecode.c.h; path = FNStopwatchView.h; sourceTree = "<group>"; };
		4FB55EDB1CD872900083FA88 /* FNStopwatchView.m */ = {isa = PBXFileReference; fileEncoding = 4; lastKnownFileType = sourcecode.c.objc; path = FNStopwatchView.m; sourceTree = "<group>"; };
/* End PBXFileReference section */

/* Begin PBXFrameworksBuildPhase section */
		4FB24A271CD85285008D1083 /* Frameworks */ = {
			isa = PBXFrameworksBuildPhase;
			buildActionMask = 2147483647;
			files = (
				4FB24A7C1CD8539C008D1083 /* libsqlite3.0.tbd in Frameworks */,
				4FB24A7A1CD8538B008D1083 /* libFMDB-IOS.a in Frameworks */,
			);
			runOnlyForDeploymentPostprocessing = 0;
		};
		4FB24A401CD85285008D1083 /* Frameworks */ = {
			isa = PBXFrameworksBuildPhase;
			buildActionMask = 2147483647;
			files = (
			);
			runOnlyForDeploymentPostprocessing = 0;
		};
		4FB24A4B1CD85285008D1083 /* Frameworks */ = {
			isa = PBXFrameworksBuildPhase;
			buildActionMask = 2147483647;
			files = (
			);
			runOnlyForDeploymentPostprocessing = 0;
		};
/* End PBXFrameworksBuildPhase section */

/* Begin PBXGroup section */
		4FB24A211CD85285008D1083 = {
			isa = PBXGroup;
			children = (
				4FB24A7B1CD8539C008D1083 /* libsqlite3.0.tbd */,
				4FB24A2C1CD85285008D1083 /* StopwatchFormal */,
				4FB24A461CD85285008D1083 /* StopwatchFormalTests */,
				4FB24A511CD85285008D1083 /* StopwatchFormalUITests */,
				4FB24A2B1CD85285008D1083 /* Products */,
				4FB24A631CD8536F008D1083 /* fmdb.xcodeproj */,
			);
			sourceTree = "<group>";
		};
		4FB24A2B1CD85285008D1083 /* Products */ = {
			isa = PBXGroup;
			children = (
				4FB24A2A1CD85285008D1083 /* StopwatchFormal.app */,
				4FB24A431CD85285008D1083 /* StopwatchFormalTests.xctest */,
				4FB24A4E1CD85285008D1083 /* StopwatchFormalUITests.xctest */,
			);
			name = Products;
			sourceTree = "<group>";
		};
		4FB24A2C1CD85285008D1083 /* StopwatchFormal */ = {
			isa = PBXGroup;
			children = (
				4FB24A301CD85285008D1083 /* FNAppDelegate.h */,
				4FB24A311CD85285008D1083 /* FNAppDelegate.m */,
				4FB24A621CD85349008D1083 /* Others */,
				4FB24A611CD8532C008D1083 /* Common */,
				4FB24A601CD8531F008D1083 /* Features */,
				4FB24A2D1CD85285008D1083 /* Supporting Files */,
			);
			path = StopwatchFormal;
			sourceTree = "<group>";
		};
		4FB24A2D1CD85285008D1083 /* Supporting Files */ = {
			isa = PBXGroup;
			children = (
				4FB24A3E1CD85285008D1083 /* Info.plist */,
				4FB24A391CD85285008D1083 /* Assets.xcassets */,
				4FB24A2E1CD85285008D1083 /* main.m */,
			);
			name = "Supporting Files";
			sourceTree = "<group>";
		};
		4FB24A461CD85285008D1083 /* StopwatchFormalTests */ = {
			isa = PBXGroup;
			children = (
				4FB24A471CD85285008D1083 /* StopwatchFormalTests.m */,
				4FB24A491CD85285008D1083 /* Info.plist */,
			);
			path = StopwatchFormalTests;
			sourceTree = "<group>";
		};
		4FB24A511CD85285008D1083 /* StopwatchFormalUITests */ = {
			isa = PBXGroup;
			children = (
				4FB24A521CD85285008D1083 /* StopwatchFormalUITests.m */,
				4FB24A541CD85285008D1083 /* Info.plist */,
			);
			path = StopwatchFormalUITests;
			sourceTree = "<group>";
		};
		4FB24A601CD8531F008D1083 /* Features */ = {
			isa = PBXGroup;
			children = (
				4FB24A801CD85483008D1083 /* Worldclock */,
				4FB24A7F1CD85478008D1083 /* Alarm */,
				4FB24A7E1CD85470008D1083 /* Stopwatch */,
				4FB24A7D1CD85428008D1083 /* Timer */,
			);
			name = Features;
			sourceTree = "<group>";
		};
		4FB24A611CD8532C008D1083 /* Common */ = {
			isa = PBXGroup;
			children = (
				4FB24A991CD85752008D1083 /* Macro.h */,
			);
			name = Common;
			sourceTree = "<group>";
		};
		4FB24A621CD85349008D1083 /* Others */ = {
			isa = PBXGroup;
			children = (
				4FB24A331CD85285008D1083 /* ViewController.h */,
				4FB24A341CD85285008D1083 /* ViewController.m */,
				4FB24A361CD85285008D1083 /* Main.storyboard */,
				4FB24A3B1CD85285008D1083 /* LaunchScreen.storyboard */,
			);
			name = Others;
			sourceTree = "<group>";
		};
		4FB24A641CD8536F008D1083 /* Products */ = {
			isa = PBXGroup;
			children = (
				4FB24A6D1CD8536F008D1083 /* fmdb */,
				4FB24A6F1CD8536F008D1083 /* libFMDB.a */,
				4FB24A711CD8536F008D1083 /* Tests.xctest */,
				4FB24A731CD8536F008D1083 /* libFMDB-IOS.a */,
				4FB24A751CD8536F008D1083 /* FMDB.framework */,
				4FB24A771CD8536F008D1083 /* FMDB.framework */,
			);
			name = Products;
			sourceTree = "<group>";
		};
		4FB24A7D1CD85428008D1083 /* Timer */ = {
			isa = PBXGroup;
			children = (
				4FB24A951CD85685008D1083 /* Models */,
				4FB24A941CD8567A008D1083 /* Viewers */,
				4FB24A931CD85667008D1083 /* Controllers */,
			);
			name = Timer;
			sourceTree = "<group>";
		};
		4FB24A7E1CD85470008D1083 /* Stopwatch */ = {
			isa = PBXGroup;
			children = (
				4FB24A8F1CD85635008D1083 /* Models */,
				4FB24A8E1CD8562A008D1083 /* Viewers */,
				4FB24A8D1CD85620008D1083 /* Controllers */,
			);
			name = Stopwatch;
			sourceTree = "<group>";
		};
		4FB24A7F1CD85478008D1083 /* Alarm */ = {
			isa = PBXGroup;
			children = (
				4FB24A891CD855DE008D1083 /* Models */,
				4FB24A881CD855D0008D1083 /* viewers */,
				4FB24A871CD854E2008D1083 /* Controllers */,
			);
			name = Alarm;
			sourceTree = "<group>";
		};
		4FB24A801CD85483008D1083 /* Worldclock */ = {
			isa = PBXGroup;
			children = (
				4FB24A831CD854C3008D1083 /* Models */,
				4FB24A821CD854B8008D1083 /* Viewers */,
				4FB24A811CD854AF008D1083 /* Controllers */,
			);
			name = Worldclock;
			sourceTree = "<group>";
		};
		4FB24A811CD854AF008D1083 /* Controllers */ = {
			isa = PBXGroup;
			children = (
				4FB24A841CD854DA008D1083 /* FNWorldClockViewController.h */,
				4FB24A851CD854DA008D1083 /* FNWorldClockViewController.m */,
			);
			name = Controllers;
			sourceTree = "<group>";
		};
		4FB24A821CD854B8008D1083 /* Viewers */ = {
			isa = PBXGroup;
			children = (
			);
			name = Viewers;
			sourceTree = "<group>";
		};
		4FB24A831CD854C3008D1083 /* Models */ = {
			isa = PBXGroup;
			children = (
			);
			name = Models;
			sourceTree = "<group>";
		};
		4FB24A871CD854E2008D1083 /* Controllers */ = {
			isa = PBXGroup;
			children = (
				4FB24A8A1CD85617008D1083 /* FNAlarmViewController.h */,
				4FB24A8B1CD85617008D1083 /* FNAlarmViewController.m */,
			);
			name = Controllers;
			sourceTree = "<group>";
		};
		4FB24A881CD855D0008D1083 /* viewers */ = {
			isa = PBXGroup;
			children = (
			);
			name = viewers;
			sourceTree = "<group>";
		};
		4FB24A891CD855DE008D1083 /* Models */ = {
			isa = PBXGroup;
			children = (
			);
			name = Models;
			sourceTree = "<group>";
		};
		4FB24A8D1CD85620008D1083 /* Controllers */ = {
			isa = PBXGroup;
			children = (
				4FB24A901CD8565C008D1083 /* FNStopwatchViewController.h */,
				4FB24A911CD8565C008D1083 /* FNStopwatchViewController.m */,
			);
			name = Controllers;
			sourceTree = "<group>";
		};
		4FB24A8E1CD8562A008D1083 /* Viewers */ = {
			isa = PBXGroup;
			children = (
				4FB55EDA1CD872900083FA88 /* FNStopwatchView.h */,
				4FB55EDB1CD872900083FA88 /* FNStopwatchView.m */,
			);
			name = Viewers;
			sourceTree = "<group>";
		};
		4FB24A8F1CD85635008D1083 /* Models */ = {
			isa = PBXGroup;
			children = (
				4FB24AA01CD85805008D1083 /* FNTimeRecordModel.h */,
				4FB24AA11CD85805008D1083 /* FNTimeRecordModel.m */,
			);
			name = Models;
			sourceTree = "<group>";
		};
		4FB24A931CD85667008D1083 /* Controllers */ = {
			isa = PBXGroup;
			children = (
				4FB24A961CD856A2008D1083 /* FNTimerViewController.h */,
				4FB24A971CD856A2008D1083 /* FNTimerViewController.m */,
			);
			name = Controllers;
			sourceTree = "<group>";
		};
		4FB24A941CD8567A008D1083 /* Viewers */ = {
			isa = PBXGroup;
			children = (
			);
			name = Viewers;
			sourceTree = "<group>";
		};
		4FB24A951CD85685008D1083 /* Models */ = {
			isa = PBXGroup;
			children = (
			);
			name = Models;
			sourceTree = "<group>";
		};
/* End PBXGroup section */

/* Begin PBXNativeTarget section */
		4FB24A291CD85285008D1083 /* StopwatchFormal */ = {
			isa = PBXNativeTarget;
			buildConfigurationList = 4FB24A571CD85285008D1083 /* Build configuration list for PBXNativeTarget "StopwatchFormal" */;
			buildPhases = (
				4FB24A261CD85285008D1083 /* Sources */,
				4FB24A271CD85285008D1083 /* Frameworks */,
				4FB24A281CD85285008D1083 /* Resources */,
			);
			buildRules = (
			);
			dependencies = (
				4FB24A791CD85381008D1083 /* PBXTargetDependency */,
			);
			name = StopwatchFormal;
			productName = StopwatchFormal;
			productReference = 4FB24A2A1CD85285008D1083 /* StopwatchFormal.app */;
			productType = "com.apple.product-type.application";
		};
		4FB24A421CD85285008D1083 /* StopwatchFormalTests */ = {
			isa = PBXNativeTarget;
			buildConfigurationList = 4FB24A5A1CD85285008D1083 /* Build configuration list for PBXNativeTarget "StopwatchFormalTests" */;
			buildPhases = (
				4FB24A3F1CD85285008D1083 /* Sources */,
				4FB24A401CD85285008D1083 /* Frameworks */,
				4FB24A411CD85285008D1083 /* Resources */,
			);
			buildRules = (
			);
			dependencies = (
				4FB24A451CD85285008D1083 /* PBXTargetDependency */,
			);
			name = StopwatchFormalTests;
			productName = StopwatchFormalTests;
			productReference = 4FB24A431CD85285008D1083 /* StopwatchFormalTests.xctest */;
			productType = "com.apple.product-type.bundle.unit-test";
		};
		4FB24A4D1CD85285008D1083 /* StopwatchFormalUITests */ = {
			isa = PBXNativeTarget;
			buildConfigurationList = 4FB24A5D1CD85285008D1083 /* Build configuration list for PBXNativeTarget "StopwatchFormalUITests" */;
			buildPhases = (
				4FB24A4A1CD85285008D1083 /* Sources */,
				4FB24A4B1CD85285008D1083 /* Frameworks */,
				4FB24A4C1CD85285008D1083 /* Resources */,
			);
			buildRules = (
			);
			dependencies = (
				4FB24A501CD85285008D1083 /* PBXTargetDependency */,
			);
			name = StopwatchFormalUITests;
			productName = StopwatchFormalUITests;
			productReference = 4FB24A4E1CD85285008D1083 /* StopwatchFormalUITests.xctest */;
			productType = "com.apple.product-type.bundle.ui-testing";
		};
/* End PBXNativeTarget section */

/* Begin PBXProject section */
		4FB24A221CD85285008D1083 /* Project object */ = {
			isa = PBXProject;
			attributes = {
				LastUpgradeCheck = 0730;
				ORGANIZATIONNAME = FN;
				TargetAttributes = {
					4FB24A291CD85285008D1083 = {
						CreatedOnToolsVersion = 7.3;
						DevelopmentTeam = 99FU46285M;
					};
					4FB24A421CD85285008D1083 = {
						CreatedOnToolsVersion = 7.3;
						DevelopmentTeam = 99FU46285M;
						TestTargetID = 4FB24A291CD85285008D1083;
					};
					4FB24A4D1CD85285008D1083 = {
						CreatedOnToolsVersion = 7.3;
						DevelopmentTeam = 99FU46285M;
						TestTargetID = 4FB24A291CD85285008D1083;
					};
				};
			};
			buildConfigurationList = 4FB24A251CD85285008D1083 /* Build configuration list for PBXProject "StopwatchFormal" */;
			compatibilityVersion = "Xcode 3.2";
			developmentRegion = English;
			hasScannedForEncodings = 0;
			knownRegions = (
				en,
				Base,
			);
			mainGroup = 4FB24A211CD85285008D1083;
			productRefGroup = 4FB24A2B1CD85285008D1083 /* Products */;
			projectDirPath = "";
			projectReferences = (
				{
					ProductGroup = 4FB24A641CD8536F008D1083 /* Products */;
					ProjectRef = 4FB24A631CD8536F008D1083 /* fmdb.xcodeproj */;
				},
			);
			projectRoot = "";
			targets = (
				4FB24A291CD85285008D1083 /* StopwatchFormal */,
				4FB24A421CD85285008D1083 /* StopwatchFormalTests */,
				4FB24A4D1CD85285008D1083 /* StopwatchFormalUITests */,
			);
		};
/* End PBXProject section */

/* Begin PBXReferenceProxy section */
		4FB24A6D1CD8536F008D1083 /* fmdb */ = {
			isa = PBXReferenceProxy;
			fileType = "compiled.mach-o.executable";
			path = fmdb;
			remoteRef = 4FB24A6C1CD8536F008D1083 /* PBXContainerItemProxy */;
			sourceTree = BUILT_PRODUCTS_DIR;
		};
		4FB24A6F1CD8536F008D1083 /* libFMDB.a */ = {
			isa = PBXReferenceProxy;
			fileType = archive.ar;
			path = libFMDB.a;
			remoteRef = 4FB24A6E1CD8536F008D1083 /* PBXContainerItemProxy */;
			sourceTree = BUILT_PRODUCTS_DIR;
		};
		4FB24A711CD8536F008D1083 /* Tests.xctest */ = {
			isa = PBXReferenceProxy;
			fileType = wrapper.cfbundle;
			path = Tests.xctest;
			remoteRef = 4FB24A701CD8536F008D1083 /* PBXContainerItemProxy */;
			sourceTree = BUILT_PRODUCTS_DIR;
		};
		4FB24A731CD8536F008D1083 /* libFMDB-IOS.a */ = {
			isa = PBXReferenceProxy;
			fileType = archive.ar;
			path = "libFMDB-IOS.a";
			remoteRef = 4FB24A721CD8536F008D1083 /* PBXContainerItemProxy */;
			sourceTree = BUILT_PRODUCTS_DIR;
		};
		4FB24A751CD8536F008D1083 /* FMDB.framework */ = {
			isa = PBXReferenceProxy;
			fileType = wrapper.framework;
			path = FMDB.framework;
			remoteRef = 4FB24A741CD8536F008D1083 /* PBXContainerItemProxy */;
			sourceTree = BUILT_PRODUCTS_DIR;
		};
		4FB24A771CD8536F008D1083 /* FMDB.framework */ = {
			isa = PBXReferenceProxy;
			fileType = wrapper.framework;
			path = FMDB.framework;
			remoteRef = 4FB24A761CD8536F008D1083 /* PBXContainerItemProxy */;
			sourceTree = BUILT_PRODUCTS_DIR;
		};
/* End PBXReferenceProxy section */

/* Begin PBXResourcesBuildPhase section */
		4FB24A281CD85285008D1083 /* Resources */ = {
			isa = PBXResourcesBuildPhase;
			buildActionMask = 2147483647;
			files = (
				4FB24A3D1CD85285008D1083 /* LaunchScreen.storyboard in Resources */,
				4FB24A3A1CD85285008D1083 /* Assets.xcassets in Resources */,
				4FB24A381CD85285008D1083 /* Main.storyboard in Resources */,
			);
			runOnlyForDeploymentPostprocessing = 0;
		};
		4FB24A411CD85285008D1083 /* Resources */ = {
			isa = PBXResourcesBuildPhase;
			buildActionMask = 2147483647;
			files = (
			);
			runOnlyForDeploymentPostprocessing = 0;
		};
		4FB24A4C1CD85285008D1083 /* Resources */ = {
			isa = PBXResourcesBuildPhase;
			buildActionMask = 2147483647;
			files = (
			);
			runOnlyForDeploymentPostprocessing = 0;
		};
/* End PBXResourcesBuildPhase section */

/* Begin PBXSourcesBuildPhase section */
		4FB24A261CD85285008D1083 /* Sources */ = {
			isa = PBXSourcesBuildPhase;
			buildActionMask = 2147483647;
			files = (
				4FB24A921CD8565C008D1083 /* FNStopwatchViewController.m in Sources */,
				4FB24AA21CD85805008D1083 /* FNTimeRecordModel.m in Sources */,
				4FB24A351CD85285008D1083 /* ViewController.m in Sources */,
				4FB24A981CD856A2008D1083 /* FNTimerViewController.m in Sources */,
				4FB24A8C1CD85617008D1083 /* FNAlarmViewController.m in Sources */,
				4FB24A321CD85285008D1083 /* FNAppDelegate.m in Sources */,
				4FB24A861CD854DA008D1083 /* FNWorldClockViewController.m in Sources */,
				4FB24A2F1CD85285008D1083 /* main.m in Sources */,
				4FB55EDC1CD872900083FA88 /* FNStopwatchView.m in Sources */,
			);
			runOnlyForDeploymentPostprocessing = 0;
		};
		4FB24A3F1CD85285008D1083 /* Sources */ = {
			isa = PBXSourcesBuildPhase;
			buildActionMask = 2147483647;
			files = (
				4FB24A481CD85285008D1083 /* StopwatchFormalTests.m in Sources */,
			);
			runOnlyForDeploymentPostprocessing = 0;
		};
		4FB24A4A1CD85285008D1083 /* Sources */ = {
			isa = PBXSourcesBuildPhase;
			buildActionMask = 2147483647;
			files = (
				4FB24A531CD85285008D1083 /* StopwatchFormalUITests.m in Sources */,
			);
			runOnlyForDeploymentPostprocessing = 0;
		};
/* End PBXSourcesBuildPhase section */

/* Begin PBXTargetDependency section */
		4FB24A451CD85285008D1083 /* PBXTargetDependency */ = {
			isa = PBXTargetDependency;
			target = 4FB24A291CD85285008D1083 /* StopwatchFormal */;
			targetProxy = 4FB24A441CD85285008D1083 /* PBXContainerItemProxy */;
		};
		4FB24A501CD85285008D1083 /* PBXTargetDependency */ = {
			isa = PBXTargetDependency;
			target = 4FB24A291CD85285008D1083 /* StopwatchFormal */;
			targetProxy = 4FB24A4F1CD85285008D1083 /* PBXContainerItemProxy */;
		};
		4FB24A791CD85381008D1083 /* PBXTargetDependency */ = {
			isa = PBXTargetDependency;
			name = "FMDB iOS";
			targetProxy = 4FB24A781CD85381008D1083 /* PBXContainerItemProxy */;
		};
/* End PBXTargetDependency section */

/* Begin PBXVariantGroup section */
		4FB24A361CD85285008D1083 /* Main.storyboard */ = {
			isa = PBXVariantGroup;
			children = (
				4FB24A371CD85285008D1083 /* Base */,
			);
			name = Main.storyboard;
			sourceTree = "<group>";
		};
		4FB24A3B1CD85285008D1083 /* LaunchScreen.storyboard */ = {
			isa = PBXVariantGroup;
			children = (
				4FB24A3C1CD85285008D1083 /* Base */,
			);
			name = LaunchScreen.storyboard;
			sourceTree = "<group>";
		};
/* End PBXVariantGroup section */

/* Begin XCBuildConfiguration section */
		4FB24A551CD85285008D1083 /* Debug */ = {
			isa = XCBuildConfiguration;
			buildSettings = {
				ALWAYS_SEARCH_USER_PATHS = NO;
				CLANG_ANALYZER_NONNULL = YES;
				CLANG_CXX_LANGUAGE_STANDARD = "gnu++0x";
				CLANG_CXX_LIBRARY = "libc++";
				CLANG_ENABLE_MODULES = YES;
				CLANG_ENABLE_OBJC_ARC = YES;
				CLANG_WARN_BOOL_CONVERSION = YES;
				CLANG_WARN_CONSTANT_CONVERSION = YES;
				CLANG_WARN_DIRECT_OBJC_ISA_USAGE = YES_ERROR;
				CLANG_WARN_EMPTY_BODY = YES;
				CLANG_WARN_ENUM_CONVERSION = YES;
				CLANG_WARN_INT_CONVERSION = YES;
				CLANG_WARN_OBJC_ROOT_CLASS = YES_ERROR;
				CLANG_WARN_UNREACHABLE_CODE = YES;
				CLANG_WARN__DUPLICATE_METHOD_MATCH = YES;
				"CODE_SIGN_IDENTITY[sdk=iphoneos*]" = "iPhone Developer";
				COPY_PHASE_STRIP = NO;
				DEBUG_INFORMATION_FORMAT = dwarf;
				ENABLE_STRICT_OBJC_MSGSEND = YES;
				ENABLE_TESTABILITY = YES;
				GCC_C_LANGUAGE_STANDARD = gnu99;
				GCC_DYNAMIC_NO_PIC = NO;
				GCC_NO_COMMON_BLOCKS = YES;
				GCC_OPTIMIZATION_LEVEL = 0;
				GCC_PREPROCESSOR_DEFINITIONS = (
					"DEBUG=1",
					"$(inherited)",
				);
				GCC_WARN_64_TO_32_BIT_CONVERSION = YES;
				GCC_WARN_ABOUT_RETURN_TYPE = YES_ERROR;
				GCC_WARN_UNDECLARED_SELECTOR = YES;
				GCC_WARN_UNINITIALIZED_AUTOS = YES_AGGRESSIVE;
				GCC_WARN_UNUSED_FUNCTION = YES;
				GCC_WARN_UNUSED_VARIABLE = YES;
				IPHONEOS_DEPLOYMENT_TARGET = 9.3;
				MTL_ENABLE_DEBUG_INFO = YES;
				ONLY_ACTIVE_ARCH = YES;
				SDKROOT = iphoneos;
			};
			name = Debug;
		};
		4FB24A561CD85285008D1083 /* Release */ = {
			isa = XCBuildConfiguration;
			buildSettings = {
				ALWAYS_SEARCH_USER_PATHS = NO;
				CLANG_ANALYZER_NONNULL = YES;
				CLANG_CXX_LANGUAGE_STANDARD = "gnu++0x";
				CLANG_CXX_LIBRARY = "libc++";
				CLANG_ENABLE_MODULES = YES;
				CLANG_ENABLE_OBJC_ARC = YES;
				CLANG_WARN_BOOL_CONVERSION = YES;
				CLANG_WARN_CONSTANT_CONVERSION = YES;
				CLANG_WARN_DIRECT_OBJC_ISA_USAGE = YES_ERROR;
				CLANG_WARN_EMPTY_BODY = YES;
				CLANG_WARN_ENUM_CONVERSION = YES;
				CLANG_WARN_INT_CONVERSION = YES;
				CLANG_WARN_OBJC_ROOT_CLASS = YES_ERROR;
				CLANG_WARN_UNREACHABLE_CODE = YES;
				CLANG_WARN__DUPLICATE_METHOD_MATCH = YES;
				"CODE_SIGN_IDENTITY[sdk=iphoneos*]" = "iPhone Developer";
				COPY_PHASE_STRIP = NO;
				DEBUG_INFORMATION_FORMAT = "dwarf-with-dsym";
				ENABLE_NS_ASSERTIONS = NO;
				ENABLE_STRICT_OBJC_MSGSEND = YES;
				GCC_C_LANGUAGE_STANDARD = gnu99;
				GCC_NO_COMMON_BLOCKS = YES;
				GCC_WARN_64_TO_32_BIT_CONVERSION = YES;
				GCC_WARN_ABOUT_RETURN_TYPE = YES_ERROR;
				GCC_WARN_UNDECLARED_SELECTOR = YES;
				GCC_WARN_UNINITIALIZED_AUTOS = YES_AGGRESSIVE;
				GCC_WARN_UNUSED_FUNCTION = YES;
				GCC_WARN_UNUSED_VARIABLE = YES;
				IPHONEOS_DEPLOYMENT_TARGET = 9.3;
				MTL_ENABLE_DEBUG_INFO = NO;
				SDKROOT = iphoneos;
				VALIDATE_PRODUCT = YES;
			};
			name = Release;
		};
		4FB24A581CD85285008D1083 /* Debug */ = {
			isa = XCBuildConfiguration;
			buildSettings = {
				ASSETCATALOG_COMPILER_APPICON_NAME = AppIcon;
				INFOPLIST_FILE = StopwatchFormal/Info.plist;
				LD_RUNPATH_SEARCH_PATHS = "$(inherited) @executable_path/Frameworks";
				PRODUCT_BUNDLE_IDENTIFIER = www.funo.com.cn.xyh.StopwatchFormal;
				PRODUCT_NAME = "$(TARGET_NAME)";
			};
			name = Debug;
		};
		4FB24A591CD85285008D1083 /* Release */ = {
			isa = XCBuildConfiguration;
			buildSettings = {
				ASSETCATALOG_COMPILER_APPICON_NAME = AppIcon;
				INFOPLIST_FILE = StopwatchFormal/Info.plist;
				LD_RUNPATH_SEARCH_PATHS = "$(inherited) @executable_path/Frameworks";
				PRODUCT_BUNDLE_IDENTIFIER = www.funo.com.cn.xyh.StopwatchFormal;
				PRODUCT_NAME = "$(TARGET_NAME)";
			};
			name = Release;
		};
		4FB24A5B1CD85285008D1083 /* Debug */ = {
			isa = XCBuildConfiguration;
			buildSettings = {
				BUNDLE_LOADER = "$(TEST_HOST)";
				INFOPLIST_FILE = StopwatchFormalTests/Info.plist;
				LD_RUNPATH_SEARCH_PATHS = "$(inherited) @executable_path/Frameworks @loader_path/Frameworks";
				PRODUCT_BUNDLE_IDENTIFIER = www.funo.com.cn.xyh.StopwatchFormalTests;
				PRODUCT_NAME = "$(TARGET_NAME)";
				TEST_HOST = "$(BUILT_PRODUCTS_DIR)/StopwatchFormal.app/StopwatchFormal";
			};
			name = Debug;
		};
		4FB24A5C1CD85285008D1083 /* Release */ = {
			isa = XCBuildConfiguration;
			buildSettings = {
				BUNDLE_LOADER = "$(TEST_HOST)";
				INFOPLIST_FILE = StopwatchFormalTests/Info.plist;
				LD_RUNPATH_SEARCH_PATHS = "$(inherited) @executable_path/Frameworks @loader_path/Frameworks";
				PRODUCT_BUNDLE_IDENTIFIER = www.funo.com.cn.xyh.StopwatchFormalTests;
				PRODUCT_NAME = "$(TARGET_NAME)";
				TEST_HOST = "$(BUILT_PRODUCTS_DIR)/StopwatchFormal.app/StopwatchFormal";
			};
			name = Release;
		};
		4FB24A5E1CD85285008D1083 /* Debug */ = {
			isa = XCBuildConfiguration;
			buildSettings = {
				INFOPLIST_FILE = StopwatchFormalUITests/Info.plist;
				LD_RUNPATH_SEARCH_PATHS = "$(inherited) @executable_path/Frameworks @loader_path/Frameworks";
				PRODUCT_BUNDLE_IDENTIFIER = www.funo.com.cn.xyh.StopwatchFormalUITests;
				PRODUCT_NAME = "$(TARGET_NAME)";
				TEST_TARGET_NAME = StopwatchFormal;
			};
			name = Debug;
		};
		4FB24A5F1CD85285008D1083 /* Release */ = {
			isa = XCBuildConfiguration;
			buildSettings = {
				INFOPLIST_FILE = StopwatchFormalUITests/Info.plist;
				LD_RUNPATH_SEARCH_PATHS = "$(inherited) @executable_path/Frameworks @loader_path/Frameworks";
				PRODUCT_BUNDLE_IDENTIFIER = www.funo.com.cn.xyh.StopwatchFormalUITests;
				PRODUCT_NAME = "$(TARGET_NAME)";
				TEST_TARGET_NAME = StopwatchFormal;
			};
			name = Release;
		};
/* End XCBuildConfiguration section */

/* Begin XCConfigurationList section */
		4FB24A251CD85285008D1083 /* Build configuration list for PBXProject "StopwatchFormal" */ = {
			isa = XCConfigurationList;
			buildConfigurations = (
				4FB24A551CD85285008D1083 /* Debug */,
				4FB24A561CD85285008D1083 /* Release */,
			);
			defaultConfigurationIsVisible = 0;
			defaultConfigurationName = Release;
		};
		4FB24A571CD85285008D1083 /* Build configuration list for PBXNativeTarget "StopwatchFormal" */ = {
			isa = XCConfigurationList;
			buildConfigurations = (
				4FB24A581CD85285008D1083 /* Debug */,
				4FB24A591CD85285008D1083 /* Release */,
			);
			defaultConfigurationIsVisible = 0;
			defaultConfigurationName = Release;
		};
		4FB24A5A1CD85285008D1083 /* Build configuration list for PBXNativeTarget "StopwatchFormalTests" */ = {
			isa = XCConfigurationList;
			buildConfigurations = (
				4FB24A5B1CD85285008D1083 /* Debug */,
				4FB24A5C1CD85285008D1083 /* Release */,
			);
			defaultConfigurationIsVisible = 0;
			defaultConfigurationName = Release;
		};
		4FB24A5D1CD85285008D1083 /* Build configuration list for PBXNativeTarget "StopwatchFormalUITests" */ = {
			isa = XCConfigurationList;
			buildConfigurations = (
				4FB24A5E1CD85285008D1083 /* Debug */,
				4FB24A5F1CD85285008D1083 /* Release */,
			);
			defaultConfigurationIsVisible = 0;
			defaultConfigurationName = Release;
		};
/* End XCConfigurationList section */
	};
	rootObject = 4FB24A221CD85285008D1083 /* Project object */;
}
