// !$*UTF8*$!
{
	archiveVersion = 1;
	classes = {
	};
	objectVersion = 46;
	objects = {

/* Begin PBXBuildFile section */
		4FB24A2F1CD85285008D1083 /* main.m in Sources */ = {isa = PBXBuildFile; fileRef = 4FB24A2E1CD85285008D1083 /* main.m */; };
		4FB24A321CD85285008D1083 /* AppDelegate.m in Sources */ = {isa = PBXBuildFile; fileRef = 4FB24A311CD85285008D1083 /* AppDelegate.m */; };
		4FB24A351CD85285008D1083 /* ViewController.m in Sources */ = {isa = PBXBuildFile; fileRef = 4FB24A341CD85285008D1083 /* ViewController.m */; };
		4FB24A381CD85285008D1083 /* Main.storyboard in Resources */ = {isa = PBXBuildFile; fileRef = 4FB24A361CD85285008D1083 /* Main.storyboard */; };
		4FB24A3A1CD85285008D1083 /* Assets.xcassets in Resources */ = {isa = PBXBuildFile; fileRef = 4FB24A391CD85285008D1083 /* Assets.xcassets */; };
		4FB24A3D1CD85285008D1083 /* LaunchScreen.storyboard in Resources */ = {isa = PBXBuildFile; fileRef = 4FB24A3B1CD85285008D1083 /* LaunchScreen.storyboard */; };
		4FB24A481CD85285008D1083 /* StopwatchFormalTests.m in Sources */ = {isa = PBXBuildFile; fileRef = 4FB24A471CD85285008D1083 /* StopwatchFormalTests.m */; };
		4FB24A531CD85285008D1083 /* StopwatchFormalUITests.m in Sources */ = {isa = PBXBuildFile; fileRef = 4FB24A521CD85285008D1083 /* StopwatchFormalUITests.m */; };
/* End PBXBuildFile section */

/* Begin PBXContainerItemProxy section */
		4FB24A441CD85285008D1083 /* PBXContainerItemProxy */ = {
			isa = PBXContainerItemProxy;
			containerPortal = 4FB24A221CD85285008D1083 /* Project object */;
			proxyType = 1;
			remoteGlobalIDString = 4FB24A291CD85285008D1083;
			remoteInfo = StopwatchFormal;
		};
		4FB24A4F1CD85285008D1083 /* PBXContainerItemProxy */ = {
			isa = PBXContainerItemProxy;
			containerPortal = 4FB24A221CD85285008D1083 /* Project object */;
			proxyType = 1;
			remoteGlobalIDString = 4FB24A291CD85285008D1083;
			remoteInfo = StopwatchFormal;
		};
/* End PBXContainerItemProxy section */

/* Begin PBXFileReference section */
		4FB24A2A1CD85285008D1083 /* StopwatchFormal.app */ = {isa = PBXFileReference; explicitFileType = wrapper.application; includeInIndex = 0; path = StopwatchFormal.app; sourceTree = BUILT_PRODUCTS_DIR; };
		4FB24A2E1CD85285008D1083 /* main.m */ = {isa = PBXFileReference; lastKnownFileType = sourcecode.c.objc; path = main.m; sourceTree = "<group>"; };
		4FB24A301CD85285008D1083 /* AppDelegate.h */ = {isa = PBXFileReference; lastKnownFileType = sourcecode.c.h; path = AppDelegate.h; sourceTree = "<group>"; };
		4FB24A311CD85285008D1083 /* AppDelegate.m */ = {isa = PBXFileReference; lastKnownFileType = sourcecode.c.objc; path = AppDelegate.m; sourceTree = "<group>"; };
		4FB24A331CD85285008D1083 /* ViewController.h */ = {isa = PBXFileReference; lastKnownFileType = sourcecode.c.h; path = ViewController.h; sourceTree = "<group>"; };
		4FB24A341CD85285008D1083 /* ViewController.m */ = {isa = PBXFileReference; lastKnownFileType = sourcecode.c.objc; path = ViewController.m; sourceTree = "<group>"; };
		4FB24A371CD85285008D1083 /* Base */ = {isa = PBXFileReference; lastKnownFileType = file.storyboard; name = Base; path = Base.lproj/Main.storyboard; sourceTree = "<group>"; };
		4FB24A391CD85285008D1083 /* Assets.xcassets */ = {isa = PBXFileReference; lastKnownFileType = folder.assetcatalog; path = Assets.xcassets; sourceTree = "<group>"; };
		4FB24A3C1CD85285008D1083 /* Base */ = {isa = PBXFileReference; lastKnownFileType = file.storyboard; name = Base; path = Base.lproj/LaunchScreen.storyboard; sourceTree = "<group>"; };
		4FB24A3E1CD85285008D1083 /* Info.plist */ = {isa = PBXFileReference; lastKnownFileType = text.plist.xml; path = Info.plist; sourceTree = "<group>"; };
		4FB24A431CD85285008D1083 /* StopwatchFormalTests.xctest */ = {isa = PBXFileReference; explicitFileType = wrapper.cfbundle; includeInIndex = 0; path = StopwatchFormalTests.xctest; sourceTree = BUILT_PRODUCTS_DIR; };
		4FB24A471CD85285008D1083 /* StopwatchFormalTests.m */ = {isa = PBXFileReference; lastKnownFileType = sourcecode.c.objc; path = StopwatchFormalTests.m; sourceTree = "<group>"; };
		4FB24A491CD85285008D1083 /* Info.plist */ = {isa = PBXFileReference; lastKnownFileType = text.plist.xml; path = Info.plist; sourceTree = "<group>"; };
		4FB24A4E1CD85285008D1083 /* StopwatchFormalUITests.xctest */ = {isa = PBXFileReference; explicitFileType = wrapper.cfbundle; includeInIndex = 0; path = StopwatchFormalUITests.xctest; sourceTree = BUILT_PRODUCTS_DIR; };
		4FB24A521CD85285008D1083 /* StopwatchFormalUITests.m */ = {isa = PBXFileReference; lastKnownFileType = sourcecode.c.objc; path = StopwatchFormalUITests.m; sourceTree = "<group>"; };
		4FB24A541CD85285008D1083 /* Info.plist */ = {isa = PBXFileReference; lastKnownFileType = text.plist.xml; path = Info.plist; sourceTree = "<group>"; };
/* End PBXFileReference section */

/* Begin PBXFrameworksBuildPhase section */
		4FB24A271CD85285008D1083 /* Frameworks */ = {
			isa = PBXFrameworksBuildPhase;
			buildActionMask = 2147483647;
			files = (
			);
			runOnlyForDeploymentPostprocessing = 0;
		};
		4FB24A401CD85285008D1083 /* Frameworks */ = {
			isa = PBXFrameworksBuildPhase;
			buildActionMask = 2147483647;
			files = (
			);
			runOnlyForDeploymentPostprocessing = 0;
		};
		4FB24A4B1CD85285008D1083 /* Frameworks */ = {
			isa = PBXFrameworksBuildPhase;
			buildActionMask = 2147483647;
			files = (
			);
			runOnlyForDeploymentPostprocessing = 0;
		};
/* End PBXFrameworksBuildPhase section */

/* Begin PBXGroup section */
		4FB24A211CD85285008D1083 = {
			isa = PBXGroup;
			children = (
				4FB24A2C1CD85285008D1083 /* StopwatchFormal */,
				4FB24A461CD85285008D1083 /* StopwatchFormalTests */,
				4FB24A511CD85285008D1083 /* StopwatchFormalUITests */,
				4FB24A2B1CD85285008D1083 /* Products */,
			);
			sourceTree = "<group>";
		};
		4FB24A2B1CD85285008D1083 /* Products */ = {
			isa = PBXGroup;
			children = (
				4FB24A2A1CD85285008D1083 /* StopwatchFormal.app */,
				4FB24A431CD85285008D1083 /* StopwatchFormalTests.xctest */,
				4FB24A4E1CD85285008D1083 /* StopwatchFormalUITests.xctest */,
			);
			name = Products;
			sourceTree = "<group>";
		};
		4FB24A2C1CD85285008D1083 /* StopwatchFormal */ = {
			isa = PBXGroup;
			children = (
				4FB24A301CD85285008D1083 /* AppDelegate.h */,
				4FB24A311CD85285008D1083 /* AppDelegate.m */,
				4FB24A331CD85285008D1083 /* ViewController.h */,
				4FB24A341CD85285008D1083 /* ViewController.m */,
				4FB24A361CD85285008D1083 /* Main.storyboard */,
				4FB24A391CD85285008D1083 /* Assets.xcassets */,
				4FB24A3B1CD85285008D1083 /* LaunchScreen.storyboard */,
				4FB24A3E1CD85285008D1083 /* Info.plist */,
				4FB24A2D1CD85285008D1083 /* Supporting Files */,
			);
			path = StopwatchFormal;
			sourceTree = "<group>";
		};
		4FB24A2D1CD85285008D1083 /* Supporting Files */ = {
			isa = PBXGroup;
			children = (
				4FB24A2E1CD85285008D1083 /* main.m */,
			);
			name = "Supporting Files";
			sourceTree = "<group>";
		};
		4FB24A461CD85285008D1083 /* StopwatchFormalTests */ = {
			isa = PBXGroup;
			children = (
				4FB24A471CD85285008D1083 /* StopwatchFormalTests.m */,
				4FB24A491CD85285008D1083 /* Info.plist */,
			);
			path = StopwatchFormalTests;
			sourceTree = "<group>";
		};
		4FB24A511CD85285008D1083 /* StopwatchFormalUITests */ = {
			isa = PBXGroup;
			children = (
				4FB24A521CD85285008D1083 /* StopwatchFormalUITests.m */,
				4FB24A541CD85285008D1083 /* Info.plist */,
			);
			path = StopwatchFormalUITests;
			sourceTree = "<group>";
		};
/* End PBXGroup section */

/* Begin PBXNativeTarget section */
		4FB24A291CD85285008D1083 /* StopwatchFormal */ = {
			isa = PBXNativeTarget;
			buildConfigurationList = 4FB24A571CD85285008D1083 /* Build configuration list for PBXNativeTarget "StopwatchFormal" */;
			buildPhases = (
				4FB24A261CD85285008D1083 /* Sources */,
				4FB24A271CD85285008D1083 /* Frameworks */,
				4FB24A281CD85285008D1083 /* Resources */,
			);
			buildRules = (
			);
			dependencies = (
			);
			name = StopwatchFormal;
			productName = StopwatchFormal;
			productReference = 4FB24A2A1CD85285008D1083 /* StopwatchFormal.app */;
			productType = "com.apple.product-type.application";
		};
		4FB24A421CD85285008D1083 /* StopwatchFormalTests */ = {
			isa = PBXNativeTarget;
			buildConfigurationList = 4FB24A5A1CD85285008D1083 /* Build configuration list for PBXNativeTarget "StopwatchFormalTests" */;
			buildPhases = (
				4FB24A3F1CD85285008D1083 /* Sources */,
				4FB24A401CD85285008D1083 /* Frameworks */,
				4FB24A411CD85285008D1083 /* Resources */,
			);
			buildRules = (
			);
			dependencies = (
				4FB24A451CD85285008D1083 /* PBXTargetDependency */,
			);
			name = StopwatchFormalTests;
			productName = StopwatchFormalTests;
			productReference = 4FB24A431CD85285008D1083 /* StopwatchFormalTests.xctest */;
			productType = "com.apple.product-type.bundle.unit-test";
		};
		4FB24A4D1CD85285008D1083 /* StopwatchFormalUITests */ = {
			isa = PBXNativeTarget;
			buildConfigurationList = 4FB24A5D1CD85285008D1083 /* Build configuration list for PBXNativeTarget "StopwatchFormalUITests" */;
			buildPhases = (
				4FB24A4A1CD85285008D1083 /* Sources */,
				4FB24A4B1CD85285008D1083 /* Frameworks */,
				4FB24A4C1CD85285008D1083 /* Resources */,
			);
			buildRules = (
			);
			dependencies = (
				4FB24A501CD85285008D1083 /* PBXTargetDependency */,
			);
			name = StopwatchFormalUITests;
			productName = StopwatchFormalUITests;
			productReference = 4FB24A4E1CD85285008D1083 /* StopwatchFormalUITests.xctest */;
			productType = "com.apple.product-type.bundle.ui-testing";
		};
/* End PBXNativeTarget section */

/* Begin PBXProject section */
		4FB24A221CD85285008D1083 /* Project object */ = {
			isa = PBXProject;
			attributes = {
				LastUpgradeCheck = 0730;
				ORGANIZATIONNAME = FN;
				TargetAttributes = {
					4FB24A291CD85285008D1083 = {
						CreatedOnToolsVersion = 7.3;
						DevelopmentTeam = 99FU46285M;
					};
					4FB24A421CD85285008D1083 = {
						CreatedOnToolsVersion = 7.3;
						DevelopmentTeam = 99FU46285M;
						TestTargetID = 4FB24A291CD85285008D1083;
					};
					4FB24A4D1CD85285008D1083 = {
						CreatedOnToolsVersion = 7.3;
						DevelopmentTeam = 99FU46285M;
						TestTargetID = 4FB24A291CD85285008D1083;
					};
				};
			};
			buildConfigurationList = 4FB24A251CD85285008D1083 /* Build configuration list for PBXProject "StopwatchFormal" */;
			compatibilityVersion = "Xcode 3.2";
			developmentRegion = English;
			hasScannedForEncodings = 0;
			knownRegions = (
				en,
				Base,
			);
			mainGroup = 4FB24A211CD85285008D1083;
			productRefGroup = 4FB24A2B1CD85285008D1083 /* Products */;
			projectDirPath = "";
			projectRoot = "";
			targets = (
				4FB24A291CD85285008D1083 /* StopwatchFormal */,
				4FB24A421CD85285008D1083 /* StopwatchFormalTests */,
				4FB24A4D1CD85285008D1083 /* StopwatchFormalUITests */,
			);
		};
/* End PBXProject section */

/* Begin PBXResourcesBuildPhase section */
		4FB24A281CD85285008D1083 /* Resources */ = {
			isa = PBXResourcesBuildPhase;
			buildActionMask = 2147483647;
			files = (
				4FB24A3D1CD85285008D1083 /* LaunchScreen.storyboard in Resources */,
				4FB24A3A1CD85285008D1083 /* Assets.xcassets in Resources */,
				4FB24A381CD85285008D1083 /* Main.storyboard in Resources */,
			);
			runOnlyForDeploymentPostprocessing = 0;
		};
		4FB24A411CD85285008D1083 /* Resources */ = {
			isa = PBXResourcesBuildPhase;
			buildActionMask = 2147483647;
			files = (
			);
			runOnlyForDeploymentPostprocessing = 0;
		};
		4FB24A4C1CD85285008D1083 /* Resources */ = {
			isa = PBXResourcesBuildPhase;
			buildActionMask = 2147483647;
			files = (
			);
			runOnlyForDeploymentPostprocessing = 0;
		};
/* End PBXResourcesBuildPhase section */

/* Begin PBXSourcesBuildPhase section */
		4FB24A261CD85285008D1083 /* Sources */ = {
			isa = PBXSourcesBuildPhase;
			buildActionMask = 2147483647;
			files = (
				4FB24A351CD85285008D1083 /* ViewController.m in Sources */,
				4FB24A321CD85285008D1083 /* AppDelegate.m in Sources */,
				4FB24A2F1CD85285008D1083 /* main.m in Sources */,
			);
			runOnlyForDeploymentPostprocessing = 0;
		};
		4FB24A3F1CD85285008D1083 /* Sources */ = {
			isa = PBXSourcesBuildPhase;
			buildActionMask = 2147483647;
			files = (
				4FB24A481CD85285008D1083 /* StopwatchFormalTests.m in Sources */,
			);
			runOnlyForDeploymentPostprocessing = 0;
		};
		4FB24A4A1CD85285008D1083 /* Sources */ = {
			isa = PBXSourcesBuildPhase;
			buildActionMask = 2147483647;
			files = (
				4FB24A531CD85285008D1083 /* StopwatchFormalUITests.m in Sources */,
			);
			runOnlyForDeploymentPostprocessing = 0;
		};
/* End PBXSourcesBuildPhase section */

/* Begin PBXTargetDependency section */
		4FB24A451CD85285008D1083 /* PBXTargetDependency */ = {
			isa = PBXTargetDependency;
			target = 4FB24A291CD85285008D1083 /* StopwatchFormal */;
			targetProxy = 4FB24A441CD85285008D1083 /* PBXContainerItemProxy */;
		};
		4FB24A501CD85285008D1083 /* PBXTargetDependency */ = {
			isa = PBXTargetDependency;
			target = 4FB24A291CD85285008D1083 /* StopwatchFormal */;
			targetProxy = 4FB24A4F1CD85285008D1083 /* PBXContainerItemProxy */;
		};
/* End PBXTargetDependency section */

/* Begin PBXVariantGroup section */
		4FB24A361CD85285008D1083 /* Main.storyboard */ = {
			isa = PBXVariantGroup;
			children = (
				4FB24A371CD85285008D1083 /* Base */,
			);
			name = Main.storyboard;
			sourceTree = "<group>";
		};
		4FB24A3B1CD85285008D1083 /* LaunchScreen.storyboard */ = {
			isa = PBXVariantGroup;
			children = (
				4FB24A3C1CD85285008D1083 /* Base */,
			);
			name = LaunchScreen.storyboard;
			sourceTree = "<group>";
		};
/* End PBXVariantGroup section */

/* Begin XCBuildConfiguration section */
		4FB24A551CD85285008D1083 /* Debug */ = {
			isa = XCBuildConfiguration;
			buildSettings = {
				ALWAYS_SEARCH_USER_PATHS = NO;
				CLANG_ANALYZER_NONNULL = YES;
				CLANG_CXX_LANGUAGE_STANDARD = "gnu++0x";
				CLANG_CXX_LIBRARY = "libc++";
				CLANG_ENABLE_MODULES = YES;
				CLANG_ENABLE_OBJC_ARC = YES;
				CLANG_WARN_BOOL_CONVERSION = YES;
				CLANG_WARN_CONSTANT_CONVERSION = YES;
				CLANG_WARN_DIRECT_OBJC_ISA_USAGE = YES_ERROR;
				CLANG_WARN_EMPTY_BODY = YES;
				CLANG_WARN_ENUM_CONVERSION = YES;
				CLANG_WARN_INT_CONVERSION = YES;
				CLANG_WARN_OBJC_ROOT_CLASS = YES_ERROR;
				CLANG_WARN_UNREACHABLE_CODE = YES;
				CLANG_WARN__DUPLICATE_METHOD_MATCH = YES;
				"CODE_SIGN_IDENTITY[sdk=iphoneos*]" = "iPhone Developer";
				COPY_PHASE_STRIP = NO;
				DEBUG_INFORMATION_FORMAT = dwarf;
				ENABLE_STRICT_OBJC_MSGSEND = YES;
				ENABLE_TESTABILITY = YES;
				GCC_C_LANGUAGE_STANDARD = gnu99;
				GCC_DYNAMIC_NO_PIC = NO;
				GCC_NO_COMMON_BLOCKS = YES;
				GCC_OPTIMIZATION_LEVEL = 0;
				GCC_PREPROCESSOR_DEFINITIONS = (
					"DEBUG=1",
					"$(inherited)",
				);
				GCC_WARN_64_TO_32_BIT_CONVERSION = YES;
				GCC_WARN_ABOUT_RETURN_TYPE = YES_ERROR;
				GCC_WARN_UNDECLARED_SELECTOR = YES;
				GCC_WARN_UNINITIALIZED_AUTOS = YES_AGGRESSIVE;
				GCC_WARN_UNUSED_FUNCTION = YES;
				GCC_WARN_UNUSED_VARIABLE = YES;
				IPHONEOS_DEPLOYMENT_TARGET = 9.3;
				MTL_ENABLE_DEBUG_INFO = YES;
				ONLY_ACTIVE_ARCH = YES;
				SDKROOT = iphoneos;
			};
			name = Debug;
		};
		4FB24A561CD85285008D1083 /* Release */ = {
			isa = XCBuildConfiguration;
			buildSettings = {
				ALWAYS_SEARCH_USER_PATHS = NO;
				CLANG_ANALYZER_NONNULL = YES;
				CLANG_CXX_LANGUAGE_STANDARD = "gnu++0x";
				CLANG_CXX_LIBRARY = "libc++";
				CLANG_ENABLE_MODULES = YES;
				CLANG_ENABLE_OBJC_ARC = YES;
				CLANG_WARN_BOOL_CONVERSION = YES;
				CLANG_WARN_CONSTANT_CONVERSION = YES;
				CLANG_WARN_DIRECT_OBJC_ISA_USAGE = YES_ERROR;
				CLANG_WARN_EMPTY_BODY = YES;
				CLANG_WARN_ENUM_CONVERSION = YES;
				CLANG_WARN_INT_CONVERSION = YES;
				CLANG_WARN_OBJC_ROOT_CLASS = YES_ERROR;
				CLANG_WARN_UNREACHABLE_CODE = YES;
				CLANG_WARN__DUPLICATE_METHOD_MATCH = YES;
				"CODE_SIGN_IDENTITY[sdk=iphoneos*]" = "iPhone Developer";
				COPY_PHASE_STRIP = NO;
				DEBUG_INFORMATION_FORMAT = "dwarf-with-dsym";
				ENABLE_NS_ASSERTIONS = NO;
				ENABLE_STRICT_OBJC_MSGSEND = YES;
				GCC_C_LANGUAGE_STANDARD = gnu99;
				GCC_NO_COMMON_BLOCKS = YES;
				GCC_WARN_64_TO_32_BIT_CONVERSION = YES;
				GCC_WARN_ABOUT_RETURN_TYPE = YES_ERROR;
				GCC_WARN_UNDECLARED_SELECTOR = YES;
				GCC_WARN_UNINITIALIZED_AUTOS = YES_AGGRESSIVE;
				GCC_WARN_UNUSED_FUNCTION = YES;
				GCC_WARN_UNUSED_VARIABLE = YES;
				IPHONEOS_DEPLOYMENT_TARGET = 9.3;
				MTL_ENABLE_DEBUG_INFO = NO;
				SDKROOT = iphoneos;
				VALIDATE_PRODUCT = YES;
			};
			name = Release;
		};
		4FB24A581CD85285008D1083 /* Debug */ = {
			isa = XCBuildConfiguration;
			buildSettings = {
				ASSETCATALOG_COMPILER_APPICON_NAME = AppIcon;
				INFOPLIST_FILE = StopwatchFormal/Info.plist;
				LD_RUNPATH_SEARCH_PATHS = "$(inherited) @executable_path/Frameworks";
				PRODUCT_BUNDLE_IDENTIFIER = www.funo.com.cn.xyh.StopwatchFormal;
				PRODUCT_NAME = "$(TARGET_NAME)";
			};
			name = Debug;
		};
		4FB24A591CD85285008D1083 /* Release */ = {
			isa = XCBuildConfiguration;
			buildSettings = {
				ASSETCATALOG_COMPILER_APPICON_NAME = AppIcon;
				INFOPLIST_FILE = StopwatchFormal/Info.plist;
				LD_RUNPATH_SEARCH_PATHS = "$(inherited) @executable_path/Frameworks";
				PRODUCT_BUNDLE_IDENTIFIER = www.funo.com.cn.xyh.StopwatchFormal;
				PRODUCT_NAME = "$(TARGET_NAME)";
			};
			name = Release;
		};
		4FB24A5B1CD85285008D1083 /* Debug */ = {
			isa = XCBuildConfiguration;
			buildSettings = {
				BUNDLE_LOADER = "$(TEST_HOST)";
				INFOPLIST_FILE = StopwatchFormalTests/Info.plist;
				LD_RUNPATH_SEARCH_PATHS = "$(inherited) @executable_path/Frameworks @loader_path/Frameworks";
				PRODUCT_BUNDLE_IDENTIFIER = www.funo.com.cn.xyh.StopwatchFormalTests;
				PRODUCT_NAME = "$(TARGET_NAME)";
				TEST_HOST = "$(BUILT_PRODUCTS_DIR)/StopwatchFormal.app/StopwatchFormal";
			};
			name = Debug;
		};
		4FB24A5C1CD85285008D1083 /* Release */ = {
			isa = XCBuildConfiguration;
			buildSettings = {
				BUNDLE_LOADER = "$(TEST_HOST)";
				INFOPLIST_FILE = StopwatchFormalTests/Info.plist;
				LD_RUNPATH_SEARCH_PATHS = "$(inherited) @executable_path/Frameworks @loader_path/Frameworks";
				PRODUCT_BUNDLE_IDENTIFIER = www.funo.com.cn.xyh.StopwatchFormalTests;
				PRODUCT_NAME = "$(TARGET_NAME)";
				TEST_HOST = "$(BUILT_PRODUCTS_DIR)/StopwatchFormal.app/StopwatchFormal";
			};
			name = Release;
		};
		4FB24A5E1CD85285008D1083 /* Debug */ = {
			isa = XCBuildConfiguration;
			buildSettings = {
				INFOPLIST_FILE = StopwatchFormalUITests/Info.plist;
				LD_RUNPATH_SEARCH_PATHS = "$(inherited) @executable_path/Frameworks @loader_path/Frameworks";
				PRODUCT_BUNDLE_IDENTIFIER = www.funo.com.cn.xyh.StopwatchFormalUITests;
				PRODUCT_NAME = "$(TARGET_NAME)";
				TEST_TARGET_NAME = StopwatchFormal;
			};
			name = Debug;
		};
		4FB24A5F1CD85285008D1083 /* Release */ = {
			isa = XCBuildConfiguration;
			buildSettings = {
				INFOPLIST_FILE = StopwatchFormalUITests/Info.plist;
				LD_RUNPATH_SEARCH_PATHS = "$(inherited) @executable_path/Frameworks @loader_path/Frameworks";
				PRODUCT_BUNDLE_IDENTIFIER = www.funo.com.cn.xyh.StopwatchFormalUITests;
				PRODUCT_NAME = "$(TARGET_NAME)";
				TEST_TARGET_NAME = StopwatchFormal;
			};
			name = Release;
		};
/* End XCBuildConfiguration section */

/* Begin XCConfigurationList section */
		4FB24A251CD85285008D1083 /* Build configuration list for PBXProject "StopwatchFormal" */ = {
			isa = XCConfigurationList;
			buildConfigurations = (
				4FB24A551CD85285008D1083 /* Debug */,
				4FB24A561CD85285008D1083 /* Release */,
			);
			defaultConfigurationIsVisible = 0;
			defaultConfigurationName = Release;
		};
		4FB24A571CD85285008D1083 /* Build configuration list for PBXNativeTarget "StopwatchFormal" */ = {
			isa = XCConfigurationList;
			buildConfigurations = (
				4FB24A581CD85285008D1083 /* Debug */,
				4FB24A591CD85285008D1083 /* Release */,
			);
			defaultConfigurationIsVisible = 0;
		};
		4FB24A5A1CD85285008D1083 /* Build configuration list for PBXNativeTarget "StopwatchFormalTests" */ = {
			isa = XCConfigurationList;
			buildConfigurations = (
				4FB24A5B1CD85285008D1083 /* Debug */,
				4FB24A5C1CD85285008D1083 /* Release */,
			);
			defaultConfigurationIsVisible = 0;
		};
		4FB24A5D1CD85285008D1083 /* Build configuration list for PBXNativeTarget "StopwatchFormalUITests" */ = {
			isa = XCConfigurationList;
			buildConfigurations = (
				4FB24A5E1CD85285008D1083 /* Debug */,
				4FB24A5F1CD85285008D1083 /* Release */,
			);
			defaultConfigurationIsVisible = 0;
		};
/* End XCConfigurationList section */
	};
	rootObject = 4FB24A221CD85285008D1083 /* Project object */;
}
